// !$*UTF8*$!
{
	archiveVersion = 1;
	classes = {
	};
	objectVersion = 56;
	objects = {

/* Begin PBXBuildFile section */
		440648572BD6CEAD0029E2E5 /* AppDelegate.swift in Sources */ = {isa = PBXBuildFile; fileRef = 440648562BD6CEAD0029E2E5 /* AppDelegate.swift */; };
		440648592BD6CEAD0029E2E5 /* SceneDelegate.swift in Sources */ = {isa = PBXBuildFile; fileRef = 440648582BD6CEAD0029E2E5 /* SceneDelegate.swift */; };
		440648602BD6CEAE0029E2E5 /* Assets.xcassets in Resources */ = {isa = PBXBuildFile; fileRef = 4406485F2BD6CEAE0029E2E5 /* Assets.xcassets */; };
		440648632BD6CEAE0029E2E5 /* Base in Resources */ = {isa = PBXBuildFile; fileRef = 440648622BD6CEAE0029E2E5 /* Base */; };
		4455D0EB2BD6EFB000C88AF9 /* UIFont+Extention.swift in Sources */ = {isa = PBXBuildFile; fileRef = 4455D0EA2BD6EFB000C88AF9 /* UIFont+Extention.swift */; };
		44D7C2F42BDD3061003A70DC /* KeychainService.swift in Sources */ = {isa = PBXBuildFile; fileRef = 44D7C2F32BDD3061003A70DC /* KeychainService.swift */; };
		44F99A9C2C06413900FE2F0E /* MoviewListSUI.swift in Sources */ = {isa = PBXBuildFile; fileRef = 44F99A9B2C06413900FE2F0E /* MoviewListSUI.swift */; };
		44F99A9E2C0641CE00FE2F0E /* MovieCellSUI.swift in Sources */ = {isa = PBXBuildFile; fileRef = 44F99A9D2C0641CE00FE2F0E /* MovieCellSUI.swift */; };
		44F99AA02C064F2900FE2F0E /* DetailMovieViewSUI.swift in Sources */ = {isa = PBXBuildFile; fileRef = 44F99A9F2C064F2900FE2F0E /* DetailMovieViewSUI.swift */; };
		44F99AA22C06525A00FE2F0E /* ActorsViewCellSUI.swift in Sources */ = {isa = PBXBuildFile; fileRef = 44F99AA12C06525A00FE2F0E /* ActorsViewCellSUI.swift */; };
		44F99AA42C0652A800FE2F0E /* SimilarMovieView.swift in Sources */ = {isa = PBXBuildFile; fileRef = 44F99AA32C0652A800FE2F0E /* SimilarMovieView.swift */; };
		44F99ABD2C09E7DC00FE2F0E /* Builder.swift in Sources */ = {isa = PBXBuildFile; fileRef = 44F99ABC2C09E7DC00FE2F0E /* Builder.swift */; };
		44F99AC02C09E83100FE2F0E /* Movie.swift in Sources */ = {isa = PBXBuildFile; fileRef = 44F99ABF2C09E83100FE2F0E /* Movie.swift */; };
		44F99AC32C09E86000FE2F0E /* MoviesListInteractor.swift in Sources */ = {isa = PBXBuildFile; fileRef = 44F99AC22C09E86000FE2F0E /* MoviesListInteractor.swift */; };
		44F99AC62C09E88800FE2F0E /* MoviesListPresenter.swift in Sources */ = {isa = PBXBuildFile; fileRef = 44F99AC52C09E88800FE2F0E /* MoviesListPresenter.swift */; };
		44F99AC92C09E8C200FE2F0E /* MovieistRouter.swift in Sources */ = {isa = PBXBuildFile; fileRef = 44F99AC82C09E8C200FE2F0E /* MovieistRouter.swift */; };
		44F99ACC2C09E90900FE2F0E /* MoviesDTO.swift in Sources */ = {isa = PBXBuildFile; fileRef = 44F99ACB2C09E90900FE2F0E /* MoviesDTO.swift */; };
		44F99ACE2C09E94000FE2F0E /* NetworkService.swift in Sources */ = {isa = PBXBuildFile; fileRef = 44F99ACD2C09E94000FE2F0E /* NetworkService.swift */; };
		44F99AD42C09EE4800FE2F0E /* DetailMovieRouter.swift in Sources */ = {isa = PBXBuildFile; fileRef = 44F99AD32C09EE4700FE2F0E /* DetailMovieRouter.swift */; };
		44F99AD62C09EE6100FE2F0E /* DetailMoviePresenter.swift in Sources */ = {isa = PBXBuildFile; fileRef = 44F99AD52C09EE6100FE2F0E /* DetailMoviePresenter.swift */; };
		44F99AD82C09EE8700FE2F0E /* DetailMovieInteractor.swift in Sources */ = {isa = PBXBuildFile; fileRef = 44F99AD72C09EE8700FE2F0E /* DetailMovieInteractor.swift */; };
		44F99ADA2C09EEAC00FE2F0E /* DetailMovie.swift in Sources */ = {isa = PBXBuildFile; fileRef = 44F99AD92C09EEAC00FE2F0E /* DetailMovie.swift */; };
		DFD27D3D2DA09E025E991140 /* Pods_CinemaStar.framework in Frameworks */ = {isa = PBXBuildFile; fileRef = FDA239055C022F003FCBF4ED /* Pods_CinemaStar.framework */; };
/* End PBXBuildFile section */

/* Begin PBXFileReference section */
		440648532BD6CEAD0029E2E5 /* CinemaStar.app */ = {isa = PBXFileReference; explicitFileType = wrapper.application; includeInIndex = 0; path = CinemaStar.app; sourceTree = BUILT_PRODUCTS_DIR; };
		440648562BD6CEAD0029E2E5 /* AppDelegate.swift */ = {isa = PBXFileReference; lastKnownFileType = sourcecode.swift; path = AppDelegate.swift; sourceTree = "<group>"; };
		440648582BD6CEAD0029E2E5 /* SceneDelegate.swift */ = {isa = PBXFileReference; lastKnownFileType = sourcecode.swift; path = SceneDelegate.swift; sourceTree = "<group>"; };
		4406485F2BD6CEAE0029E2E5 /* Assets.xcassets */ = {isa = PBXFileReference; lastKnownFileType = folder.assetcatalog; path = Assets.xcassets; sourceTree = "<group>"; };
		440648622BD6CEAE0029E2E5 /* Base */ = {isa = PBXFileReference; lastKnownFileType = file.storyboard; name = Base; path = Base.lproj/LaunchScreen.storyboard; sourceTree = "<group>"; };
		440648642BD6CEAE0029E2E5 /* Info.plist */ = {isa = PBXFileReference; lastKnownFileType = text.plist.xml; path = Info.plist; sourceTree = "<group>"; };
		4455D0EA2BD6EFB000C88AF9 /* UIFont+Extention.swift */ = {isa = PBXFileReference; lastKnownFileType = sourcecode.swift; path = "UIFont+Extention.swift"; sourceTree = "<group>"; };
		44D7C2F32BDD3061003A70DC /* KeychainService.swift */ = {isa = PBXFileReference; lastKnownFileType = sourcecode.swift; path = KeychainService.swift; sourceTree = "<group>"; };
		44F99A9B2C06413900FE2F0E /* MoviewListSUI.swift */ = {isa = PBXFileReference; lastKnownFileType = sourcecode.swift; path = MoviewListSUI.swift; sourceTree = "<group>"; };
		44F99A9D2C0641CE00FE2F0E /* MovieCellSUI.swift */ = {isa = PBXFileReference; lastKnownFileType = sourcecode.swift; path = MovieCellSUI.swift; sourceTree = "<group>"; };
		44F99A9F2C064F2900FE2F0E /* DetailMovieViewSUI.swift */ = {isa = PBXFileReference; lastKnownFileType = sourcecode.swift; path = DetailMovieViewSUI.swift; sourceTree = "<group>"; };
		44F99AA12C06525A00FE2F0E /* ActorsViewCellSUI.swift */ = {isa = PBXFileReference; lastKnownFileType = sourcecode.swift; path = ActorsViewCellSUI.swift; sourceTree = "<group>"; };
		44F99AA32C0652A800FE2F0E /* SimilarMovieView.swift */ = {isa = PBXFileReference; lastKnownFileType = sourcecode.swift; path = SimilarMovieView.swift; sourceTree = "<group>"; };
		44F99ABC2C09E7DC00FE2F0E /* Builder.swift */ = {isa = PBXFileReference; lastKnownFileType = sourcecode.swift; path = Builder.swift; sourceTree = "<group>"; };
		44F99ABF2C09E83100FE2F0E /* Movie.swift */ = {isa = PBXFileReference; lastKnownFileType = sourcecode.swift; path = Movie.swift; sourceTree = "<group>"; };
		44F99AC22C09E86000FE2F0E /* MoviesListInteractor.swift */ = {isa = PBXFileReference; lastKnownFileType = sourcecode.swift; path = MoviesListInteractor.swift; sourceTree = "<group>"; };
		44F99AC52C09E88800FE2F0E /* MoviesListPresenter.swift */ = {isa = PBXFileReference; lastKnownFileType = sourcecode.swift; path = MoviesListPresenter.swift; sourceTree = "<group>"; };
		44F99AC82C09E8C200FE2F0E /* MovieistRouter.swift */ = {isa = PBXFileReference; lastKnownFileType = sourcecode.swift; path = MovieistRouter.swift; sourceTree = "<group>"; };
		44F99ACB2C09E90900FE2F0E /* MoviesDTO.swift */ = {isa = PBXFileReference; lastKnownFileType = sourcecode.swift; path = MoviesDTO.swift; sourceTree = "<group>"; };
		44F99ACD2C09E94000FE2F0E /* NetworkService.swift */ = {isa = PBXFileReference; lastKnownFileType = sourcecode.swift; path = NetworkService.swift; sourceTree = "<group>"; };
		44F99AD32C09EE4700FE2F0E /* DetailMovieRouter.swift */ = {isa = PBXFileReference; lastKnownFileType = sourcecode.swift; path = DetailMovieRouter.swift; sourceTree = "<group>"; };
		44F99AD52C09EE6100FE2F0E /* DetailMoviePresenter.swift */ = {isa = PBXFileReference; lastKnownFileType = sourcecode.swift; path = DetailMoviePresenter.swift; sourceTree = "<group>"; };
		44F99AD72C09EE8700FE2F0E /* DetailMovieInteractor.swift */ = {isa = PBXFileReference; lastKnownFileType = sourcecode.swift; path = DetailMovieInteractor.swift; sourceTree = "<group>"; };
		44F99AD92C09EEAC00FE2F0E /* DetailMovie.swift */ = {isa = PBXFileReference; lastKnownFileType = sourcecode.swift; path = DetailMovie.swift; sourceTree = "<group>"; };
		8BF195693077462FEEC7D7C9 /* Pods-CinemaStar.release.xcconfig */ = {isa = PBXFileReference; includeInIndex = 1; lastKnownFileType = text.xcconfig; name = "Pods-CinemaStar.release.xcconfig"; path = "Target Support Files/Pods-CinemaStar/Pods-CinemaStar.release.xcconfig"; sourceTree = "<group>"; };
		96A870E3D43CBDCE3C7472A0 /* Pods-CinemaStar.debug.xcconfig */ = {isa = PBXFileReference; includeInIndex = 1; lastKnownFileType = text.xcconfig; name = "Pods-CinemaStar.debug.xcconfig"; path = "Target Support Files/Pods-CinemaStar/Pods-CinemaStar.debug.xcconfig"; sourceTree = "<group>"; };
		FDA239055C022F003FCBF4ED /* Pods_CinemaStar.framework */ = {isa = PBXFileReference; explicitFileType = wrapper.framework; includeInIndex = 0; path = Pods_CinemaStar.framework; sourceTree = BUILT_PRODUCTS_DIR; };
/* End PBXFileReference section */

/* Begin PBXFrameworksBuildPhase section */
		440648502BD6CEAD0029E2E5 /* Frameworks */ = {
			isa = PBXFrameworksBuildPhase;
			buildActionMask = 2147483647;
			files = (
				DFD27D3D2DA09E025E991140 /* Pods_CinemaStar.framework in Frameworks */,
			);
			runOnlyForDeploymentPostprocessing = 0;
		};
/* End PBXFrameworksBuildPhase section */

/* Begin PBXGroup section */
		1C3F3F4638FD992317282E01 /* Pods */ = {
			isa = PBXGroup;
			children = (
				96A870E3D43CBDCE3C7472A0 /* Pods-CinemaStar.debug.xcconfig */,
				8BF195693077462FEEC7D7C9 /* Pods-CinemaStar.release.xcconfig */,
			);
			name = Pods;
			path = Pods;
			sourceTree = "<group>";
		};
		4406484A2BD6CEAD0029E2E5 = {
			isa = PBXGroup;
			children = (
				440648552BD6CEAD0029E2E5 /* CinemaStar */,
				440648542BD6CEAD0029E2E5 /* Products */,
				1C3F3F4638FD992317282E01 /* Pods */,
				D9C4497DC2ED3A6F3B31EBAB /* Frameworks */,
			);
			sourceTree = "<group>";
		};
		440648542BD6CEAD0029E2E5 /* Products */ = {
			isa = PBXGroup;
			children = (
				440648532BD6CEAD0029E2E5 /* CinemaStar.app */,
			);
			name = Products;
			sourceTree = "<group>";
		};
		440648552BD6CEAD0029E2E5 /* CinemaStar */ = {
			isa = PBXGroup;
			children = (
				4455D0EE2BD807DE00C88AF9 /* Services */,
				4455D0E92BD6EFA100C88AF9 /* Extention */,
				4455D0E62BD6E2C700C88AF9 /* Builders */,
				4455D0D82BD6DB7B00C88AF9 /* Coordinators */,
				4456318F2BD9631E006FC362 /* DetailMovieModule */,
				4455D0D42BD6DA9400C88AF9 /* MovieListModule */,
				440648562BD6CEAD0029E2E5 /* AppDelegate.swift */,
				440648582BD6CEAD0029E2E5 /* SceneDelegate.swift */,
				4406485F2BD6CEAE0029E2E5 /* Assets.xcassets */,
				440648612BD6CEAE0029E2E5 /* LaunchScreen.storyboard */,
				440648642BD6CEAE0029E2E5 /* Info.plist */,
			);
			path = CinemaStar;
			sourceTree = "<group>";
		};
		4455D0D42BD6DA9400C88AF9 /* MovieListModule */ = {
			isa = PBXGroup;
			children = (
				44F99AC72C09E8A300FE2F0E /* Router */,
				44F99AC42C09E87200FE2F0E /* Presenter */,
				44F99AC12C09E84900FE2F0E /* Interactor */,
				44F99ABE2C09E82300FE2F0E /* Entity */,
				4455D0D52BD6DAA500C88AF9 /* View */,
			);
			path = MovieListModule;
			sourceTree = "<group>";
		};
		4455D0D52BD6DAA500C88AF9 /* View */ = {
			isa = PBXGroup;
			children = (
				44F99A9B2C06413900FE2F0E /* MoviewListSUI.swift */,
				44F99A9D2C0641CE00FE2F0E /* MovieCellSUI.swift */,
			);
			path = View;
			sourceTree = "<group>";
		};
		4455D0D82BD6DB7B00C88AF9 /* Coordinators */ = {
			isa = PBXGroup;
			children = (
			);
			path = Coordinators;
			sourceTree = "<group>";
		};
		4455D0E62BD6E2C700C88AF9 /* Builders */ = {
			isa = PBXGroup;
			children = (
				44F99ABC2C09E7DC00FE2F0E /* Builder.swift */,
			);
			path = Builders;
			sourceTree = "<group>";
		};
		4455D0E92BD6EFA100C88AF9 /* Extention */ = {
			isa = PBXGroup;
			children = (
				4455D0EA2BD6EFB000C88AF9 /* UIFont+Extention.swift */,
			);
			path = Extention;
			sourceTree = "<group>";
		};
		4455D0EE2BD807DE00C88AF9 /* Services */ = {
			isa = PBXGroup;
			children = (
				44F99ABB2C09E73900FE2F0E /* Network */,
				44D7C2F32BDD3061003A70DC /* KeychainService.swift */,
			);
			path = Services;
			sourceTree = "<group>";
		};
		4456318F2BD9631E006FC362 /* DetailMovieModule */ = {
			isa = PBXGroup;
			children = (
				44F99AD22C09EE3300FE2F0E /* Entity */,
				44F99AD12C09EE2D00FE2F0E /* Interactor */,
				44F99AD02C09EE2500FE2F0E /* Presenter */,
				44F99ACF2C09EE1D00FE2F0E /* Router */,
				445631972BD974DC006FC362 /* Cells */,
				445631922BD96358006FC362 /* View */,
			);
			path = DetailMovieModule;
			sourceTree = "<group>";
		};
		445631922BD96358006FC362 /* View */ = {
			isa = PBXGroup;
			children = (
				44F99A9F2C064F2900FE2F0E /* DetailMovieViewSUI.swift */,
			);
			path = View;
			sourceTree = "<group>";
		};
		445631972BD974DC006FC362 /* Cells */ = {
			isa = PBXGroup;
			children = (
				44F99AA12C06525A00FE2F0E /* ActorsViewCellSUI.swift */,
				44F99AA32C0652A800FE2F0E /* SimilarMovieView.swift */,
			);
			path = Cells;
			sourceTree = "<group>";
		};
		44F99ABB2C09E73900FE2F0E /* Network */ = {
			isa = PBXGroup;
			children = (
				44F99ACA2C09E8EC00FE2F0E /* DTO */,
				44F99ACD2C09E94000FE2F0E /* NetworkService.swift */,
			);
			path = Network;
			sourceTree = "<group>";
		};
		44F99ABE2C09E82300FE2F0E /* Entity */ = {
			isa = PBXGroup;
			children = (
				44F99ABF2C09E83100FE2F0E /* Movie.swift */,
			);
			path = Entity;
			sourceTree = "<group>";
		};
		44F99AC12C09E84900FE2F0E /* Interactor */ = {
			isa = PBXGroup;
			children = (
				44F99AC22C09E86000FE2F0E /* MoviesListInteractor.swift */,
			);
			path = Interactor;
			sourceTree = "<group>";
		};
		44F99AC42C09E87200FE2F0E /* Presenter */ = {
			isa = PBXGroup;
			children = (
				44F99AC52C09E88800FE2F0E /* MoviesListPresenter.swift */,
			);
			path = Presenter;
			sourceTree = "<group>";
		};
		44F99AC72C09E8A300FE2F0E /* Router */ = {
			isa = PBXGroup;
			children = (
				44F99AC82C09E8C200FE2F0E /* MovieistRouter.swift */,
			);
			path = Router;
			sourceTree = "<group>";
		};
		44F99ACA2C09E8EC00FE2F0E /* DTO */ = {
			isa = PBXGroup;
			children = (
				44F99ACB2C09E90900FE2F0E /* MoviesDTO.swift */,
			);
			path = DTO;
			sourceTree = "<group>";
		};
		44F99ACF2C09EE1D00FE2F0E /* Router */ = {
			isa = PBXGroup;
			children = (
				44F99AD32C09EE4700FE2F0E /* DetailMovieRouter.swift */,
			);
			path = Router;
			sourceTree = "<group>";
		};
		44F99AD02C09EE2500FE2F0E /* Presenter */ = {
			isa = PBXGroup;
			children = (
				44F99AD52C09EE6100FE2F0E /* DetailMoviePresenter.swift */,
			);
			path = Presenter;
			sourceTree = "<group>";
		};
		44F99AD12C09EE2D00FE2F0E /* Interactor */ = {
			isa = PBXGroup;
			children = (
				44F99AD72C09EE8700FE2F0E /* DetailMovieInteractor.swift */,
			);
			path = Interactor;
			sourceTree = "<group>";
		};
		44F99AD22C09EE3300FE2F0E /* Entity */ = {
			isa = PBXGroup;
			children = (
				44F99AD92C09EEAC00FE2F0E /* DetailMovie.swift */,
			);
			path = Entity;
			sourceTree = "<group>";
		};
		D9C4497DC2ED3A6F3B31EBAB /* Frameworks */ = {
			isa = PBXGroup;
			children = (
				FDA239055C022F003FCBF4ED /* Pods_CinemaStar.framework */,
			);
			name = Frameworks;
			sourceTree = "<group>";
		};
/* End PBXGroup section */

/* Begin PBXNativeTarget section */
		440648522BD6CEAD0029E2E5 /* CinemaStar */ = {
			isa = PBXNativeTarget;
			buildConfigurationList = 440648672BD6CEAE0029E2E5 /* Build configuration list for PBXNativeTarget "CinemaStar" */;
			buildPhases = (
				80695F38B0384CA4FC318C01 /* [CP] Check Pods Manifest.lock */,
				4406484F2BD6CEAD0029E2E5 /* Sources */,
				440648502BD6CEAD0029E2E5 /* Frameworks */,
				440648512BD6CEAD0029E2E5 /* Resources */,
				A6809AE43DEF5ABEAF8698E1 /* [CP] Embed Pods Frameworks */,
			);
			buildRules = (
			);
			dependencies = (
			);
			name = CinemaStar;
			productName = CinemaStar;
			productReference = 440648532BD6CEAD0029E2E5 /* CinemaStar.app */;
			productType = "com.apple.product-type.application";
		};
/* End PBXNativeTarget section */

/* Begin PBXProject section */
		4406484B2BD6CEAD0029E2E5 /* Project object */ = {
			isa = PBXProject;
			attributes = {
				BuildIndependentTargetsInParallel = 1;
				LastSwiftUpdateCheck = 1530;
				LastUpgradeCheck = 1530;
				TargetAttributes = {
					440648522BD6CEAD0029E2E5 = {
						CreatedOnToolsVersion = 15.3;
					};
				};
			};
			buildConfigurationList = 4406484E2BD6CEAD0029E2E5 /* Build configuration list for PBXProject "CinemaStar" */;
			compatibilityVersion = "Xcode 14.0";
			developmentRegion = en;
			hasScannedForEncodings = 0;
			knownRegions = (
				en,
				Base,
			);
			mainGroup = 4406484A2BD6CEAD0029E2E5;
			productRefGroup = 440648542BD6CEAD0029E2E5 /* Products */;
			projectDirPath = "";
			projectRoot = "";
			targets = (
				440648522BD6CEAD0029E2E5 /* CinemaStar */,
			);
		};
/* End PBXProject section */

/* Begin PBXResourcesBuildPhase section */
		440648512BD6CEAD0029E2E5 /* Resources */ = {
			isa = PBXResourcesBuildPhase;
			buildActionMask = 2147483647;
			files = (
				440648602BD6CEAE0029E2E5 /* Assets.xcassets in Resources */,
				440648632BD6CEAE0029E2E5 /* Base in Resources */,
			);
			runOnlyForDeploymentPostprocessing = 0;
		};
/* End PBXResourcesBuildPhase section */

/* Begin PBXShellScriptBuildPhase section */
		80695F38B0384CA4FC318C01 /* [CP] Check Pods Manifest.lock */ = {
			isa = PBXShellScriptBuildPhase;
			buildActionMask = 2147483647;
			files = (
			);
			inputFileListPaths = (
			);
			inputPaths = (
				"${PODS_PODFILE_DIR_PATH}/Podfile.lock",
				"${PODS_ROOT}/Manifest.lock",
			);
			name = "[CP] Check Pods Manifest.lock";
			outputFileListPaths = (
			);
			outputPaths = (
				"$(DERIVED_FILE_DIR)/Pods-CinemaStar-checkManifestLockResult.txt",
			);
			runOnlyForDeploymentPostprocessing = 0;
			shellPath = /bin/sh;
			shellScript = "diff \"${PODS_PODFILE_DIR_PATH}/Podfile.lock\" \"${PODS_ROOT}/Manifest.lock\" > /dev/null\nif [ $? != 0 ] ; then\n    # print error to STDERR\n    echo \"error: The sandbox is not in sync with the Podfile.lock. Run 'pod install' or update your CocoaPods installation.\" >&2\n    exit 1\nfi\n# This output is used by Xcode 'outputs' to avoid re-running this script phase.\necho \"SUCCESS\" > \"${SCRIPT_OUTPUT_FILE_0}\"\n";
			showEnvVarsInLog = 0;
		};
		A6809AE43DEF5ABEAF8698E1 /* [CP] Embed Pods Frameworks */ = {
			isa = PBXShellScriptBuildPhase;
			buildActionMask = 2147483647;
			files = (
			);
			inputFileListPaths = (
				"${PODS_ROOT}/Target Support Files/Pods-CinemaStar/Pods-CinemaStar-frameworks-${CONFIGURATION}-input-files.xcfilelist",
			);
			name = "[CP] Embed Pods Frameworks";
			outputFileListPaths = (
				"${PODS_ROOT}/Target Support Files/Pods-CinemaStar/Pods-CinemaStar-frameworks-${CONFIGURATION}-output-files.xcfilelist",
			);
			runOnlyForDeploymentPostprocessing = 0;
			shellPath = /bin/sh;
			shellScript = "\"${PODS_ROOT}/Target Support Files/Pods-CinemaStar/Pods-CinemaStar-frameworks.sh\"\n";
			showEnvVarsInLog = 0;
		};
/* End PBXShellScriptBuildPhase section */

/* Begin PBXSourcesBuildPhase section */
		4406484F2BD6CEAD0029E2E5 /* Sources */ = {
			isa = PBXSourcesBuildPhase;
			buildActionMask = 2147483647;
			files = (
				44F99AC32C09E86000FE2F0E /* MoviesListInteractor.swift in Sources */,
				44F99AC02C09E83100FE2F0E /* Movie.swift in Sources */,
				440648572BD6CEAD0029E2E5 /* AppDelegate.swift in Sources */,
				44F99ADA2C09EEAC00FE2F0E /* DetailMovie.swift in Sources */,
				44F99AC62C09E88800FE2F0E /* MoviesListPresenter.swift in Sources */,
				44F99AA02C064F2900FE2F0E /* DetailMovieViewSUI.swift in Sources */,
				44F99AD42C09EE4800FE2F0E /* DetailMovieRouter.swift in Sources */,
				44F99AA22C06525A00FE2F0E /* ActorsViewCellSUI.swift in Sources */,
				44F99AA42C0652A800FE2F0E /* SimilarMovieView.swift in Sources */,
				44F99AD62C09EE6100FE2F0E /* DetailMoviePresenter.swift in Sources */,
				440648592BD6CEAD0029E2E5 /* SceneDelegate.swift in Sources */,
				44F99AC92C09E8C200FE2F0E /* MovieistRouter.swift in Sources */,
				44F99ACC2C09E90900FE2F0E /* MoviesDTO.swift in Sources */,
				44F99ACE2C09E94000FE2F0E /* NetworkService.swift in Sources */,
				44F99AD82C09EE8700FE2F0E /* DetailMovieInteractor.swift in Sources */,
				44F99A9C2C06413900FE2F0E /* MoviewListSUI.swift in Sources */,
				44F99ABD2C09E7DC00FE2F0E /* Builder.swift in Sources */,
				44D7C2F42BDD3061003A70DC /* KeychainService.swift in Sources */,
				44F99A9E2C0641CE00FE2F0E /* MovieCellSUI.swift in Sources */,
				4455D0EB2BD6EFB000C88AF9 /* UIFont+Extention.swift in Sources */,
			);
			runOnlyForDeploymentPostprocessing = 0;
		};
/* End PBXSourcesBuildPhase section */

/* Begin PBXVariantGroup section */
		440648612BD6CEAE0029E2E5 /* LaunchScreen.storyboard */ = {
			isa = PBXVariantGroup;
			children = (
				440648622BD6CEAE0029E2E5 /* Base */,
			);
			name = LaunchScreen.storyboard;
			sourceTree = "<group>";
		};
/* End PBXVariantGroup section */

/* Begin XCBuildConfiguration section */
		440648652BD6CEAE0029E2E5 /* Debug */ = {
			isa = XCBuildConfiguration;
			buildSettings = {
				ALWAYS_SEARCH_USER_PATHS = NO;
				ASSETCATALOG_COMPILER_GENERATE_SWIFT_ASSET_SYMBOL_EXTENSIONS = YES;
				CLANG_ANALYZER_NONNULL = YES;
				CLANG_ANALYZER_NUMBER_OBJECT_CONVERSION = YES_AGGRESSIVE;
				CLANG_CXX_LANGUAGE_STANDARD = "gnu++20";
				CLANG_ENABLE_MODULES = YES;
				CLANG_ENABLE_OBJC_ARC = YES;
				CLANG_ENABLE_OBJC_WEAK = YES;
				CLANG_WARN_BLOCK_CAPTURE_AUTORELEASING = YES;
				CLANG_WARN_BOOL_CONVERSION = YES;
				CLANG_WARN_COMMA = YES;
				CLANG_WARN_CONSTANT_CONVERSION = YES;
				CLANG_WARN_DEPRECATED_OBJC_IMPLEMENTATIONS = YES;
				CLANG_WARN_DIRECT_OBJC_ISA_USAGE = YES_ERROR;
				CLANG_WARN_DOCUMENTATION_COMMENTS = YES;
				CLANG_WARN_EMPTY_BODY = YES;
				CLANG_WARN_ENUM_CONVERSION = YES;
				CLANG_WARN_INFINITE_RECURSION = YES;
				CLANG_WARN_INT_CONVERSION = YES;
				CLANG_WARN_NON_LITERAL_NULL_CONVERSION = YES;
				CLANG_WARN_OBJC_IMPLICIT_RETAIN_SELF = YES;
				CLANG_WARN_OBJC_LITERAL_CONVERSION = YES;
				CLANG_WARN_OBJC_ROOT_CLASS = YES_ERROR;
				CLANG_WARN_QUOTED_INCLUDE_IN_FRAMEWORK_HEADER = YES;
				CLANG_WARN_RANGE_LOOP_ANALYSIS = YES;
				CLANG_WARN_STRICT_PROTOTYPES = YES;
				CLANG_WARN_SUSPICIOUS_MOVE = YES;
				CLANG_WARN_UNGUARDED_AVAILABILITY = YES_AGGRESSIVE;
				CLANG_WARN_UNREACHABLE_CODE = YES;
				CLANG_WARN__DUPLICATE_METHOD_MATCH = YES;
				COPY_PHASE_STRIP = NO;
				DEBUG_INFORMATION_FORMAT = dwarf;
				ENABLE_STRICT_OBJC_MSGSEND = YES;
				ENABLE_TESTABILITY = YES;
				ENABLE_USER_SCRIPT_SANDBOXING = YES;
				GCC_C_LANGUAGE_STANDARD = gnu17;
				GCC_DYNAMIC_NO_PIC = NO;
				GCC_NO_COMMON_BLOCKS = YES;
				GCC_OPTIMIZATION_LEVEL = 0;
				GCC_PREPROCESSOR_DEFINITIONS = (
					"DEBUG=1",
					"$(inherited)",
				);
				GCC_WARN_64_TO_32_BIT_CONVERSION = YES;
				GCC_WARN_ABOUT_RETURN_TYPE = YES_ERROR;
				GCC_WARN_UNDECLARED_SELECTOR = YES;
				GCC_WARN_UNINITIALIZED_AUTOS = YES_AGGRESSIVE;
				GCC_WARN_UNUSED_FUNCTION = YES;
				GCC_WARN_UNUSED_VARIABLE = YES;
				IPHONEOS_DEPLOYMENT_TARGET = 17.4;
				LOCALIZATION_PREFERS_STRING_CATALOGS = YES;
				MTL_ENABLE_DEBUG_INFO = INCLUDE_SOURCE;
				MTL_FAST_MATH = YES;
				ONLY_ACTIVE_ARCH = YES;
				SDKROOT = iphoneos;
				SWIFT_ACTIVE_COMPILATION_CONDITIONS = "DEBUG $(inherited)";
				SWIFT_OPTIMIZATION_LEVEL = "-Onone";
			};
			name = Debug;
		};
		440648662BD6CEAE0029E2E5 /* Release */ = {
			isa = XCBuildConfiguration;
			buildSettings = {
				ALWAYS_SEARCH_USER_PATHS = NO;
				ASSETCATALOG_COMPILER_GENERATE_SWIFT_ASSET_SYMBOL_EXTENSIONS = YES;
				CLANG_ANALYZER_NONNULL = YES;
				CLANG_ANALYZER_NUMBER_OBJECT_CONVERSION = YES_AGGRESSIVE;
				CLANG_CXX_LANGUAGE_STANDARD = "gnu++20";
				CLANG_ENABLE_MODULES = YES;
				CLANG_ENABLE_OBJC_ARC = YES;
				CLANG_ENABLE_OBJC_WEAK = YES;
				CLANG_WARN_BLOCK_CAPTURE_AUTORELEASING = YES;
				CLANG_WARN_BOOL_CONVERSION = YES;
				CLANG_WARN_COMMA = YES;
				CLANG_WARN_CONSTANT_CONVERSION = YES;
				CLANG_WARN_DEPRECATED_OBJC_IMPLEMENTATIONS = YES;
				CLANG_WARN_DIRECT_OBJC_ISA_USAGE = YES_ERROR;
				CLANG_WARN_DOCUMENTATION_COMMENTS = YES;
				CLANG_WARN_EMPTY_BODY = YES;
				CLANG_WARN_ENUM_CONVERSION = YES;
				CLANG_WARN_INFINITE_RECURSION = YES;
				CLANG_WARN_INT_CONVERSION = YES;
				CLANG_WARN_NON_LITERAL_NULL_CONVERSION = YES;
				CLANG_WARN_OBJC_IMPLICIT_RETAIN_SELF = YES;
				CLANG_WARN_OBJC_LITERAL_CONVERSION = YES;
				CLANG_WARN_OBJC_ROOT_CLASS = YES_ERROR;
				CLANG_WARN_QUOTED_INCLUDE_IN_FRAMEWORK_HEADER = YES;
				CLANG_WARN_RANGE_LOOP_ANALYSIS = YES;
				CLANG_WARN_STRICT_PROTOTYPES = YES;
				CLANG_WARN_SUSPICIOUS_MOVE = YES;
				CLANG_WARN_UNGUARDED_AVAILABILITY = YES_AGGRESSIVE;
				CLANG_WARN_UNREACHABLE_CODE = YES;
				CLANG_WARN__DUPLICATE_METHOD_MATCH = YES;
				COPY_PHASE_STRIP = NO;
				DEBUG_INFORMATION_FORMAT = "dwarf-with-dsym";
				ENABLE_NS_ASSERTIONS = NO;
				ENABLE_STRICT_OBJC_MSGSEND = YES;
				ENABLE_USER_SCRIPT_SANDBOXING = YES;
				GCC_C_LANGUAGE_STANDARD = gnu17;
				GCC_NO_COMMON_BLOCKS = YES;
				GCC_WARN_64_TO_32_BIT_CONVERSION = YES;
				GCC_WARN_ABOUT_RETURN_TYPE = YES_ERROR;
				GCC_WARN_UNDECLARED_SELECTOR = YES;
				GCC_WARN_UNINITIALIZED_AUTOS = YES_AGGRESSIVE;
				GCC_WARN_UNUSED_FUNCTION = YES;
				GCC_WARN_UNUSED_VARIABLE = YES;
				IPHONEOS_DEPLOYMENT_TARGET = 17.4;
				LOCALIZATION_PREFERS_STRING_CATALOGS = YES;
				MTL_ENABLE_DEBUG_INFO = NO;
				MTL_FAST_MATH = YES;
				SDKROOT = iphoneos;
				SWIFT_COMPILATION_MODE = wholemodule;
				VALIDATE_PRODUCT = YES;
			};
			name = Release;
		};
		440648682BD6CEAE0029E2E5 /* Debug */ = {
			isa = XCBuildConfiguration;
			baseConfigurationReference = 96A870E3D43CBDCE3C7472A0 /* Pods-CinemaStar.debug.xcconfig */;
			buildSettings = {
				ASSETCATALOG_COMPILER_APPICON_NAME = AppIcon;
				ASSETCATALOG_COMPILER_GLOBAL_ACCENT_COLOR_NAME = AccentColor;
				CODE_SIGN_STYLE = Automatic;
				CURRENT_PROJECT_VERSION = 1;
				ENABLE_USER_SCRIPT_SANDBOXING = NO;
				GENERATE_INFOPLIST_FILE = YES;
				INFOPLIST_FILE = CinemaStar/Info.plist;
				INFOPLIST_KEY_UIApplicationSupportsIndirectInputEvents = YES;
				INFOPLIST_KEY_UILaunchStoryboardName = LaunchScreen;
				INFOPLIST_KEY_UISupportedInterfaceOrientations_iPad = "UIInterfaceOrientationPortrait UIInterfaceOrientationPortraitUpsideDown UIInterfaceOrientationLandscapeLeft UIInterfaceOrientationLandscapeRight";
				INFOPLIST_KEY_UISupportedInterfaceOrientations_iPhone = "UIInterfaceOrientationPortrait UIInterfaceOrientationLandscapeLeft UIInterfaceOrientationLandscapeRight";
				LD_RUNPATH_SEARCH_PATHS = (
					"$(inherited)",
					"@executable_path/Frameworks",
				);
				MARKETING_VERSION = 1.0;
				PRODUCT_BUNDLE_IDENTIFIER = ruslan.CinemaStar;
				PRODUCT_NAME = "$(TARGET_NAME)";
				SWIFT_EMIT_LOC_STRINGS = YES;
				SWIFT_VERSION = 5.0;
				TARGETED_DEVICE_FAMILY = "1,2";
			};
			name = Debug;
		};
		440648692BD6CEAE0029E2E5 /* Release */ = {
			isa = XCBuildConfiguration;
			baseConfigurationReference = 8BF195693077462FEEC7D7C9 /* Pods-CinemaStar.release.xcconfig */;
			buildSettings = {
				ASSETCATALOG_COMPILER_APPICON_NAME = AppIcon;
				ASSETCATALOG_COMPILER_GLOBAL_ACCENT_COLOR_NAME = AccentColor;
				CODE_SIGN_STYLE = Automatic;
				CURRENT_PROJECT_VERSION = 1;
				ENABLE_USER_SCRIPT_SANDBOXING = NO;
				GENERATE_INFOPLIST_FILE = YES;
				INFOPLIST_FILE = CinemaStar/Info.plist;
				INFOPLIST_KEY_UIApplicationSupportsIndirectInputEvents = YES;
				INFOPLIST_KEY_UILaunchStoryboardName = LaunchScreen;
				INFOPLIST_KEY_UISupportedInterfaceOrientations_iPad = "UIInterfaceOrientationPortrait UIInterfaceOrientationPortraitUpsideDown UIInterfaceOrientationLandscapeLeft UIInterfaceOrientationLandscapeRight";
				INFOPLIST_KEY_UISupportedInterfaceOrientations_iPhone = "UIInterfaceOrientationPortrait UIInterfaceOrientationLandscapeLeft UIInterfaceOrientationLandscapeRight";
				LD_RUNPATH_SEARCH_PATHS = (
					"$(inherited)",
					"@executable_path/Frameworks",
				);
				MARKETING_VERSION = 1.0;
				PRODUCT_BUNDLE_IDENTIFIER = ruslan.CinemaStar;
				PRODUCT_NAME = "$(TARGET_NAME)";
				SWIFT_EMIT_LOC_STRINGS = YES;
				SWIFT_VERSION = 5.0;
				TARGETED_DEVICE_FAMILY = "1,2";
			};
			name = Release;
		};
/* End XCBuildConfiguration section */

/* Begin XCConfigurationList section */
		4406484E2BD6CEAD0029E2E5 /* Build configuration list for PBXProject "CinemaStar" */ = {
			isa = XCConfigurationList;
			buildConfigurations = (
				440648652BD6CEAE0029E2E5 /* Debug */,
				440648662BD6CEAE0029E2E5 /* Release */,
			);
			defaultConfigurationIsVisible = 0;
			defaultConfigurationName = Release;
		};
		440648672BD6CEAE0029E2E5 /* Build configuration list for PBXNativeTarget "CinemaStar" */ = {
			isa = XCConfigurationList;
			buildConfigurations = (
				440648682BD6CEAE0029E2E5 /* Debug */,
				440648692BD6CEAE0029E2E5 /* Release */,
			);
			defaultConfigurationIsVisible = 0;
			defaultConfigurationName = Release;
		};
/* End XCConfigurationList section */
	};
	rootObject = 4406484B2BD6CEAD0029E2E5 /* Project object */;
}
